github.com/sixafter/aes-ctr-drbg v1.10.0 h1:ZF3HBF9zVKOJHGcuvkjqp1QHYN5kuyYivmhFgO+yCnU=
github.com/sixafter/aes-ctr-drbg v1.10.0/go.mod h1:k0MnzFOGf7ks7ixN/N72wQAT/7u+lIknQWa7H9Iqew4=
github.com/sixafter/nanoid v1.52.0 h1:8eViRdll2B/4g8tOdVuywTeV6ir++GYK5xUCzD3mmMs=
github.com/sixafter/nanoid v1.52.0/go.mod h1:wV91+XpQYVG/ycSZv3PXLyQ9eupYSH0wp9Jhhl6d3jc=
github.com/sixafter/prng-chacha v1.6.0 h1:e0ADGI8dZoV9DRdGCBhtdD3E+iKBoqS4ydtXFu90FrQ=
github.com/sixafter/prng-chacha v1.6.0/go.mod h1:/qgtGyz1ueWauLV6JgIi6a2BNc/9IkLWXL98U2GEM7o=
golang.org/x/crypto v0.41.0 h1:WKYxWedPGCTVVl5+WHSSrOBT0O8lx32+zxmHxijgXp4=
golang.org/x/crypto v0.41.0/go.mod h1:pO5AFd7FA68rFak7rOAGVuygIISepHftHnr8dr6+sUc=
golang.org/x/crypto v0.42.0 h1:chiH31gIWm57EkTXpwnqf8qeuMUi0yekh6mT2AvFlqI=
golang.org/x/crypto v0.42.0/go.mod h1:4+rDnOTJhQCx2q7/j6rAN5XDw8kPjeaXEUR2eL94ix8=
golang.org/x/sys v0.35.0 h1:vz1N37gP5bs89s7He8XuIYXpyY0+QlsKmzipCbUtyxI=
golang.org/x/sys v0.35.0/go.mod h1:BJP2sWEmIv4KK5OTEluFJCKSidICx8ciO85XgH3Ak8k=
golang.org/x/sys v0.36.0 h1:KVRy2GtZBrk1cBYA7MKu5bEZFxQk4NIDV6RLVcC8o0k=
golang.org/x/sys v0.36.0/go.mod h1:OgkHotnGiDImocRcuBABYBEXf8A9a87e/uXjp9XT3ks=
